
Microsoft Visual Studio Solution File, Format Version 12.00
# Visual Studio Version 16
VisualStudioVersion = 16.0.30907.101
MinimumVisualStudioVersion = 10.0.40219.1
Project("{9A19103F-16F7-4668-BE54-9A1E7A4F7556}") = "People", "People\People.csproj", "{6F9A9D1C-B3C4-484F-975E-4FAF907B97FF}"
EndProject
Project("{FAE04EC0-301F-11D3-BF4B-00C04F79EFBC}") = "Poems", "Poems\Poems.csproj", "{C3AE076F-4D66-4B04-9E11-C2BF6E11CAE1}"
EndProject
Project("{FAE04EC0-301F-11D3-BF4B-00C04F79EFBC}") = "APIGateway", "APIGateway\APIGateway.csproj", "{8C25092D-FDDA-42E3-B2E1-578E66470301}"
EndProject
Project("{FAE04EC0-301F-11D3-BF4B-00C04F79EFBC}") = "Frontend", "Frontend\Frontend.csproj", "{93DC333A-FE6D-4023-AFC7-0CEC62D4FF5F}"
EndProject
Global
	GlobalSection(SolutionConfigurationPlatforms) = preSolution
		Debug|Any CPU = Debug|Any CPU
		Release|Any CPU = Release|Any CPU
	EndGlobalSection
	GlobalSection(ProjectConfigurationPlatforms) = postSolution
		{6F9A9D1C-B3C4-484F-975E-4FAF907B97FF}.Debug|Any CPU.ActiveCfg = Debug|Any CPU
		{6F9A9D1C-B3C4-484F-975E-4FAF907B97FF}.Debug|Any CPU.Build.0 = Debug|Any CPU
		{6F9A9D1C-B3C4-484F-975E-4FAF907B97FF}.Release|Any CPU.ActiveCfg = Release|Any CPU
		{6F9A9D1C-B3C4-484F-975E-4FAF907B97FF}.Release|Any CPU.Build.0 = Release|Any CPU
		{C3AE076F-4D66-4B04-9E11-C2BF6E11CAE1}.Debug|Any CPU.ActiveCfg = Debug|Any CPU
		{C3AE076F-4D66-4B04-9E11-C2BF6E11CAE1}.Debug|Any CPU.Build.0 = Debug|Any CPU
		{C3AE076F-4D66-4B04-9E11-C2BF6E11CAE1}.Release|Any CPU.ActiveCfg = Release|Any CPU
		{C3AE076F-4D66-4B04-9E11-C2BF6E11CAE1}.Release|Any CPU.Build.0 = Release|Any CPU
		{8C25092D-FDDA-42E3-B2E1-578E66470301}.Debug|Any CPU.ActiveCfg = Debug|Any CPU
		{8C25092D-FDDA-42E3-B2E1-578E66470301}.Debug|Any CPU.Build.0 = Debug|Any CPU
		{8C25092D-FDDA-42E3-B2E1-578E66470301}.Release|Any CPU.ActiveCfg = Release|Any CPU
		{8C25092D-FDDA-42E3-B2E1-578E66470301}.Release|Any CPU.Build.0 = Release|Any CPU
		{93DC333A-FE6D-4023-AFC7-0CEC62D4FF5F}.Debug|Any CPU.ActiveCfg = Debug|Any CPU
		{93DC333A-FE6D-4023-AFC7-0CEC62D4FF5F}.Debug|Any CPU.Build.0 = Debug|Any CPU
		{93DC333A-FE6D-4023-AFC7-0CEC62D4FF5F}.Release|Any CPU.ActiveCfg = Release|Any CPU
		{93DC333A-FE6D-4023-AFC7-0CEC62D4FF5F}.Release|Any CPU.Build.0 = Release|Any CPU
	EndGlobalSection
	GlobalSection(SolutionProperties) = preSolution
		HideSolutionNode = FALSE
	EndGlobalSection
	GlobalSection(ExtensibilityGlobals) = postSolution
		SolutionGuid = {22CFB40F-D455-484E-A9F3-729E62F784E3}
	EndGlobalSection
EndGlobal
