
Microsoft Visual Studio Solution File, Format Version 12.00
# Visual Studio Version 16
VisualStudioVersion = 16.0.30907.101
MinimumVisualStudioVersion = 10.0.40219.1
Project("{FAE04EC0-301F-11D3-BF4B-00C04F79EFBC}") = "People", "People\People.csproj", "{6F9A9D1C-B3C4-484F-975E-4FAF907B97FF}"
EndProject
Global
	GlobalSection(SolutionConfigurationPlatforms) = preSolution
		Debug|Any CPU = Debug|Any CPU
		Release|Any CPU = Release|Any CPU
	EndGlobalSection
	GlobalSection(ProjectConfigurationPlatforms) = postSolution
		{6F9A9D1C-B3C4-484F-975E-4FAF907B97FF}.Debug|Any CPU.ActiveCfg = Debug|Any CPU
		{6F9A9D1C-B3C4-484F-975E-4FAF907B97FF}.Debug|Any CPU.Build.0 = Debug|Any CPU
		{6F9A9D1C-B3C4-484F-975E-4FAF907B97FF}.Release|Any CPU.ActiveCfg = Release|Any CPU
		{6F9A9D1C-B3C4-484F-975E-4FAF907B97FF}.Release|Any CPU.Build.0 = Release|Any CPU
	EndGlobalSection
	GlobalSection(SolutionProperties) = preSolution
		HideSolutionNode = FALSE
	EndGlobalSection
	GlobalSection(ExtensibilityGlobals) = postSolution
		SolutionGuid = {22CFB40F-D455-484E-A9F3-729E62F784E3}
	EndGlobalSection
EndGlobal
